
Microsoft Visual Studio Solution File, Format Version 12.00
# Visual Studio 15
VisualStudioVersion = 15.0.27130.2024
MinimumVisualStudioVersion = 10.0.40219.1
Project("{FAE04EC0-301F-11D3-BF4B-00C04F79EFBC}") = "RoboRally.Core", "RoboRally.Core\RoboRally.Core.csproj", "{C3B19D0B-C1C2-4A46-9A06-0A0BFECDBCA3}"
EndProject
Project("{FAE04EC0-301F-11D3-BF4B-00C04F79EFBC}") = "RoboRally.Sample", "RoboRally.Sample\RoboRally.Sample.csproj", "{BB0F9EDA-093D-472E-AF30-6E8267F087F2}"
EndProject
Global
	GlobalSection(SolutionConfigurationPlatforms) = preSolution
		Debug|Any CPU = Debug|Any CPU
		Release|Any CPU = Release|Any CPU
	EndGlobalSection
	GlobalSection(ProjectConfigurationPlatforms) = postSolution
		{C3B19D0B-C1C2-4A46-9A06-0A0BFECDBCA3}.Debug|Any CPU.ActiveCfg = Debug|Any CPU
		{C3B19D0B-C1C2-4A46-9A06-0A0BFECDBCA3}.Debug|Any CPU.Build.0 = Debug|Any CPU
		{C3B19D0B-C1C2-4A46-9A06-0A0BFECDBCA3}.Release|Any CPU.ActiveCfg = Release|Any CPU
		{C3B19D0B-C1C2-4A46-9A06-0A0BFECDBCA3}.Release|Any CPU.Build.0 = Release|Any CPU
		{BB0F9EDA-093D-472E-AF30-6E8267F087F2}.Debug|Any CPU.ActiveCfg = Debug|Any CPU
		{BB0F9EDA-093D-472E-AF30-6E8267F087F2}.Debug|Any CPU.Build.0 = Debug|Any CPU
		{BB0F9EDA-093D-472E-AF30-6E8267F087F2}.Release|Any CPU.ActiveCfg = Release|Any CPU
		{BB0F9EDA-093D-472E-AF30-6E8267F087F2}.Release|Any CPU.Build.0 = Release|Any CPU
	EndGlobalSection
	GlobalSection(SolutionProperties) = preSolution
		HideSolutionNode = FALSE
	EndGlobalSection
	GlobalSection(ExtensibilityGlobals) = postSolution
		SolutionGuid = {AF1F775E-80DC-42AC-8578-DA9EA1C1C7EE}
	EndGlobalSection
EndGlobal
